<?xml version="1.0" encoding="utf-8"?>
<Project ToolsVersion="4.0" xmlns="http://schemas.microsoft.com/developer/msbuild/2003">
  <ItemGroup>
    <Filter Include="Source Files">
      <UniqueIdentifier>{4FC737F1-C7A5-4376-A066-2A32D752A2FF}</UniqueIdentifier>
      <Extensions>cpp;c;cc;cxx;def;odl;idl;hpj;bat;asm;asmx</Extensions>
    </Filter>
    <Filter Include="Header Files">
      <UniqueIdentifier>{93995380-89BD-4b04-88EB-625FBE52EBFB}</UniqueIdentifier>
      <Extensions>h;hh;hpp;hxx;hm;inl;inc;ipp;xsd</Extensions>
    </Filter>
    <Filter Include="Resource Files">
      <UniqueIdentifier>{67DA6AB6-F800-4c08-8B7A-83BB121AAD01}</UniqueIdentifier>
      <Extensions>rc;ico;cur;bmp;dlg;rc2;rct;bin;rgs;gif;jpg;jpeg;jpe;resx;tiff;tif;png;wav;mfcribbon-ms</Extensions>
    </Filter>
    <Filter Include="Shaders">
      <UniqueIdentifier>{2dec86e4-62b7-40f8-ad95-50bbda1684de}</UniqueIdentifier>
    </Filter>
    <Filter Include="Source Files\Drawable">
      <UniqueIdentifier>{235e1c2b-a253-4bb4-86ff-c6bcf7b989e3}</UniqueIdentifier>
    </Filter>
    <Filter Include="Source Files\Utility">
      <UniqueIdentifier>{eaef2933-9976-44e1-bc22-41be61f890eb}</UniqueIdentifier>
    </Filter>
    <Filter Include="Header Files\Utility">
      <UniqueIdentifier>{224df3b4-d2b8-4d8e-953c-2a840e0968e9}</UniqueIdentifier>
    </Filter>
    <Filter Include="Header Files\Drawable">
      <UniqueIdentifier>{6ef0dec1-c9a7-4f9b-8081-6b3fe6b54796}</UniqueIdentifier>
    </Filter>
    <Filter Include="Shaders\Default">
      <UniqueIdentifier>{a49ab7b8-80fe-41fa-9696-7ea3e18615b2}</UniqueIdentifier>
    </Filter>
    <Filter Include="Shaders\Default\SSAO">
      <UniqueIdentifier>{e064d239-05e9-47ba-b909-11364194cc43}</UniqueIdentifier>
    </Filter>
    <Filter Include="Shaders\Default\DebugScreenQuad">
      <UniqueIdentifier>{e9b5b56f-d936-41db-a249-da96d54597af}</UniqueIdentifier>
    </Filter>
    <Filter Include="Shaders\Default\GPUWaves">
      <UniqueIdentifier>{faaf85d9-3d2c-4d2f-a7a7-03ac917893f4}</UniqueIdentifier>
    </Filter>
    <Filter Include="Shaders\Default\GPUWaves\TesselationWaves">
      <UniqueIdentifier>{7463ef03-1d1b-450d-9e50-0c4377502c50}</UniqueIdentifier>
    </Filter>
    <Filter Include="Shaders\Default\Terrain">
      <UniqueIdentifier>{2d5271eb-44a9-4eea-9a12-e7820dc8445c}</UniqueIdentifier>
    </Filter>
    <Filter Include="Shaders\Default\Particles">
      <UniqueIdentifier>{e5135a00-a325-4ee7-9d74-792bbe96f856}</UniqueIdentifier>
    </Filter>
    <Filter Include="Shaders\Default\GPUWaves\ComputeWaves">
      <UniqueIdentifier>{8f5d3703-45d1-460a-be42-038519049fb7}</UniqueIdentifier>
    </Filter>
    <Filter Include="Shaders\Skinned">
      <UniqueIdentifier>{5a2eada0-f636-4d93-86d9-a452e2eef940}</UniqueIdentifier>
    </Filter>
    <Filter Include="Shaders\Default\PointLight">
      <UniqueIdentifier>{4bc0701e-5491-482c-8b56-004d42a6a0dd}</UniqueIdentifier>
    </Filter>
    <Filter Include="Shaders\Default\FXAA">
      <UniqueIdentifier>{46a4f0aa-b582-4651-9493-e4781d2ba2da}</UniqueIdentifier>
    </Filter>
  </ItemGroup>
  <ItemGroup>
    <ClCompile Include="Entry.cpp">
      <Filter>Source Files</Filter>
    </ClCompile>
    <ClCompile Include="Window.cpp">
      <Filter>Source Files</Filter>
    </ClCompile>
    <ClCompile Include="App.cpp">
      <Filter>Source Files</Filter>
    </ClCompile>
    <ClCompile Include="Timer.cpp">
      <Filter>Source Files</Filter>
    </ClCompile>
    <ClCompile Include="Keyboard.cpp">
      <Filter>Source Files</Filter>
    </ClCompile>
    <ClCompile Include="CustomException.cpp">
      <Filter>Source Files</Filter>
    </ClCompile>
    <ClCompile Include="Mouse.cpp">
      <Filter>Source Files</Filter>
    </ClCompile>
    <ClCompile Include="Graphics.cpp">
      <Filter>Source Files</Filter>
    </ClCompile>
    <ClCompile Include="GeometryGenerator.cpp">
      <Filter>Source Files\Utility</Filter>
    </ClCompile>
    <ClCompile Include="Hills.cpp">
      <Filter>Source Files\Drawable</Filter>
    </ClCompile>
    <ClCompile Include="Cylinder.cpp">
      <Filter>Source Files\Drawable</Filter>
    </ClCompile>
    <ClCompile Include="ShapesDemo.cpp">
      <Filter>Source Files\Drawable</Filter>
    </ClCompile>
    <ClCompile Include="Box.cpp">
      <Filter>Source Files\Drawable</Filter>
    </ClCompile>
    <ClCompile Include="GeoSphere.cpp">
      <Filter>Source Files\Drawable</Filter>
    </ClCompile>
    <ClCompile Include="MathHelper.cpp">
      <Filter>Source Files\Utility</Filter>
    </ClCompile>
    <ClCompile Include="Skull.cpp">
      <Filter>Source Files\Drawable</Filter>
    </ClCompile>
    <ClCompile Include="WaveSurfaceGPU.cpp">
      <Filter>Source Files\Drawable</Filter>
    </ClCompile>
    <ClCompile Include="Sky.cpp">
      <Filter>Source Files\Drawable</Filter>
    </ClCompile>
    <ClCompile Include="DisplacementWaves.cpp">
      <Filter>Source Files\Drawable</Filter>
    </ClCompile>
    <ClCompile Include="Terrain.cpp">
      <Filter>Source Files\Drawable</Filter>
    </ClCompile>
    <ClCompile Include="ParticleSystem.cpp">
      <Filter>Source Files\Drawable</Filter>
    </ClCompile>
    <ClCompile Include="ShadowMap.cpp">
      <Filter>Source Files\Drawable</Filter>
    </ClCompile>
    <ClCompile Include="SSAO.cpp">
      <Filter>Source Files\Drawable</Filter>
    </ClCompile>
    <ClCompile Include="GPUWaves.cpp">
      <Filter>Source Files\Drawable</Filter>
    </ClCompile>
    <ClCompile Include="M3dLoader.cpp">
      <Filter>Source Files\Utility</Filter>
    </ClCompile>
    <ClCompile Include="Animation.cpp">
      <Filter>Source Files\Utility</Filter>
    </ClCompile>
    <ClCompile Include="FXAA.cpp">
      <Filter>Source Files\Drawable</Filter>
    </ClCompile>
  </ItemGroup>
  <ItemGroup>
    <ClInclude Include="WindowsEdited.h">
      <Filter>Header Files</Filter>
    </ClInclude>
    <ClInclude Include="Window.h">
      <Filter>Header Files</Filter>
    </ClInclude>
    <ClInclude Include="App.h">
      <Filter>Header Files</Filter>
    </ClInclude>
    <ClInclude Include="Timer.h">
      <Filter>Header Files</Filter>
    </ClInclude>
    <ClInclude Include="Keyboard.h">
      <Filter>Header Files</Filter>
    </ClInclude>
    <ClInclude Include="CustomException.h">
      <Filter>Header Files</Filter>
    </ClInclude>
    <ClInclude Include="Mouse.h">
      <Filter>Header Files</Filter>
    </ClInclude>
    <ClInclude Include="Graphics.h">
      <Filter>Header Files</Filter>
    </ClInclude>
    <ClInclude Include="Shape.h">
      <Filter>Header Files\Drawable</Filter>
    </ClInclude>
    <ClInclude Include="Hills.h">
      <Filter>Header Files\Drawable</Filter>
    </ClInclude>
    <ClInclude Include="Cylinder.h">
      <Filter>Header Files\Drawable</Filter>
    </ClInclude>
    <ClInclude Include="ShapesDemo.h">
      <Filter>Header Files\Drawable</Filter>
    </ClInclude>
    <ClInclude Include="Box.h">
      <Filter>Header Files\Drawable</Filter>
    </ClInclude>
    <ClInclude Include="GeoSphere.h">
      <Filter>Header Files\Drawable</Filter>
    </ClInclude>
    <ClInclude Include="LightHelper.h">
      <Filter>Header Files\Utility</Filter>
    </ClInclude>
    <ClInclude Include="MathHelper.h">
      <Filter>Header Files\Utility</Filter>
    </ClInclude>
    <ClInclude Include="GeometryGenerator.h">
      <Filter>Header Files\Utility</Filter>
    </ClInclude>
    <ClInclude Include="Skull.h">
      <Filter>Header Files\Drawable</Filter>
    </ClInclude>
    <ClInclude Include="UtilityStructures.h">
      <Filter>Header Files\Utility</Filter>
    </ClInclude>
    <ClInclude Include="DrawableBase.h">
      <Filter>Header Files\Drawable</Filter>
    </ClInclude>
    <ClInclude Include="Camera.h">
      <Filter>Header Files</Filter>
    </ClInclude>
    <ClInclude Include="WaveSurfaceGPU.h">
      <Filter>Header Files\Drawable</Filter>
    </ClInclude>
    <ClInclude Include="Sky.h">
      <Filter>Header Files\Drawable</Filter>
    </ClInclude>
    <ClInclude Include="DisplacementWaves.h">
      <Filter>Header Files\Drawable</Filter>
    </ClInclude>
    <ClInclude Include="Terrain.h">
      <Filter>Header Files\Drawable</Filter>
    </ClInclude>
    <ClInclude Include="ParticleSystem.h">
      <Filter>Header Files\Drawable</Filter>
    </ClInclude>
    <ClInclude Include="ShadowMap.h">
      <Filter>Header Files\Drawable</Filter>
    </ClInclude>
    <ClInclude Include="SSAO.h">
      <Filter>Header Files\Drawable</Filter>
    </ClInclude>
    <ClInclude Include="InputLayout.h">
      <Filter>Header Files\Utility</Filter>
    </ClInclude>
    <ClInclude Include="GPUWaves.h">
      <Filter>Header Files\Drawable</Filter>
    </ClInclude>
    <ClInclude Include="M3dLoader.h">
      <Filter>Header Files\Utility</Filter>
    </ClInclude>
    <ClInclude Include="Animation.h">
      <Filter>Header Files\Utility</Filter>
    </ClInclude>
    <ClInclude Include="FXAA.h">
      <Filter>Header Files\Drawable</Filter>
    </ClInclude>
  </ItemGroup>
  <ItemGroup>
    <FxCompile Include="ComputeSSAOVS.hlsl">
      <Filter>Shaders\Default\SSAO</Filter>
    </FxCompile>
    <FxCompile Include="ComputeSSAOPS.hlsl">
      <Filter>Shaders\Default\SSAO</Filter>
    </FxCompile>
    <FxCompile Include="DebugScreenQuadVS.hlsl">
      <Filter>Shaders\Default\DebugScreenQuad</Filter>
    </FxCompile>
    <FxCompile Include="DebugScreenQuadPS.hlsl">
      <Filter>Shaders\Default\DebugScreenQuad</Filter>
    </FxCompile>
    <FxCompile Include="SSAOBlurVS.hlsl">
      <Filter>Shaders\Default\SSAO</Filter>
    </FxCompile>
    <FxCompile Include="SSAOBlurPS.hlsl">
      <Filter>Shaders\Default\SSAO</Filter>
    </FxCompile>
    <FxCompile Include="NormalMapVS.hlsl">
      <Filter>Shaders\Default</Filter>
    </FxCompile>
    <FxCompile Include="NormalMapPS.hlsl">
      <Filter>Shaders\Default</Filter>
    </FxCompile>
    <FxCompile Include="ShadowMapVS.hlsl">
      <Filter>Shaders\Default</Filter>
    </FxCompile>
    <FxCompile Include="ShadowMapPS.hlsl">
      <Filter>Shaders\Default</Filter>
    </FxCompile>
    <FxCompile Include="SkyVS.hlsl">
      <Filter>Shaders\Default</Filter>
    </FxCompile>
    <FxCompile Include="SkyPS.hlsl">
      <Filter>Shaders\Default</Filter>
    </FxCompile>
    <FxCompile Include="DefaultLightVS.hlsl">
      <Filter>Shaders\Default</Filter>
    </FxCompile>
    <FxCompile Include="DefaultLightPS.hlsl">
      <Filter>Shaders\Default</Filter>
    </FxCompile>
    <FxCompile Include="TessellationWavesDS.hlsl">
      <Filter>Shaders\Default\GPUWaves\TesselationWaves</Filter>
    </FxCompile>
    <FxCompile Include="TessellationWavesHS.hlsl">
      <Filter>Shaders\Default\GPUWaves\TesselationWaves</Filter>
    </FxCompile>
    <FxCompile Include="TessellationWavesPS.hlsl">
      <Filter>Shaders\Default\GPUWaves\TesselationWaves</Filter>
    </FxCompile>
    <FxCompile Include="TessellationWavesVS.hlsl">
      <Filter>Shaders\Default\GPUWaves\TesselationWaves</Filter>
    </FxCompile>
    <FxCompile Include="Terrain_VS.hlsl">
      <Filter>Shaders\Default\Terrain</Filter>
    </FxCompile>
    <FxCompile Include="Terrain_HS.hlsl">
      <Filter>Shaders\Default\Terrain</Filter>
    </FxCompile>
    <FxCompile Include="Terrain_DS.hlsl">
      <Filter>Shaders\Default\Terrain</Filter>
    </FxCompile>
    <FxCompile Include="Terrain_PS.hlsl">
      <Filter>Shaders\Default\Terrain</Filter>
    </FxCompile>
    <FxCompile Include="StreamOutVS.hlsl">
      <Filter>Shaders\Default\Particles</Filter>
    </FxCompile>
    <FxCompile Include="RainVS.hlsl">
      <Filter>Shaders\Default\Particles</Filter>
    </FxCompile>
    <FxCompile Include="FountainVS.hlsl">
      <Filter>Shaders\Default\Particles</Filter>
    </FxCompile>
    <FxCompile Include="FireVS.hlsl">
      <Filter>Shaders\Default\Particles</Filter>
    </FxCompile>
    <FxCompile Include="ExplosionVS.hlsl">
      <Filter>Shaders\Default\Particles</Filter>
    </FxCompile>
    <FxCompile Include="ParticlePS.hlsl">
      <Filter>Shaders\Default\Particles</Filter>
    </FxCompile>
    <FxCompile Include="ExplosionGS.hlsl">
      <Filter>Shaders\Default\Particles</Filter>
    </FxCompile>
    <FxCompile Include="ExplosionSOGS.hlsl">
      <Filter>Shaders\Default\Particles</Filter>
    </FxCompile>
    <FxCompile Include="FireGS.hlsl">
      <Filter>Shaders\Default\Particles</Filter>
    </FxCompile>
    <FxCompile Include="FireSOGS.hlsl">
      <Filter>Shaders\Default\Particles</Filter>
    </FxCompile>
    <FxCompile Include="FountainGS.hlsl">
      <Filter>Shaders\Default\Particles</Filter>
    </FxCompile>
    <FxCompile Include="FountainSOGS.hlsl">
      <Filter>Shaders\Default\Particles</Filter>
    </FxCompile>
    <FxCompile Include="RainGS.hlsl">
      <Filter>Shaders\Default\Particles</Filter>
    </FxCompile>
    <FxCompile Include="RainPS.hlsl">
      <Filter>Shaders\Default\Particles</Filter>
    </FxCompile>
    <FxCompile Include="RainSOGS.hlsl">
      <Filter>Shaders\Default\Particles</Filter>
    </FxCompile>
    <FxCompile Include="ComputeWavesVS.hlsl">
      <Filter>Shaders\Default\GPUWaves\ComputeWaves</Filter>
    </FxCompile>
    <FxCompile Include="ComputeWavesPS.hlsl">
      <Filter>Shaders\Default\GPUWaves\ComputeWaves</Filter>
    </FxCompile>
    <FxCompile Include="DisturbWavesCS.hlsl">
      <Filter>Shaders\Default\GPUWaves\ComputeWaves</Filter>
    </FxCompile>
    <FxCompile Include="UpdateWavesCS.hlsl">
      <Filter>Shaders\Default\GPUWaves\ComputeWaves</Filter>
    </FxCompile>
    <FxCompile Include="NormalMapSkinnedVS.hlsl">
      <Filter>Shaders\Skinned</Filter>
    </FxCompile>
    <FxCompile Include="ShadowMapSkinnedVS.hlsl">
      <Filter>Shaders\Skinned</Filter>
    </FxCompile>
    <FxCompile Include="DefaultLightSkinnedVS.hlsl">
      <Filter>Shaders\Skinned</Filter>
    </FxCompile>
    <FxCompile Include="PointLightVS.hlsl">
      <Filter>Shaders\Default\PointLight</Filter>
    </FxCompile>
    <FxCompile Include="PointLightPS.hlsl">
      <Filter>Shaders\Default\PointLight</Filter>
    </FxCompile>
    <FxCompile Include="FXAA_VS.hlsl">
      <Filter>Shaders\Default\FXAA</Filter>
    </FxCompile>
    <FxCompile Include="FXAA_PS.hlsl">
      <Filter>Shaders\Default\FXAA</Filter>
    </FxCompile>
  </ItemGroup>
  <ItemGroup>
    <None Include="LightHelper.hlsli">
      <Filter>Shaders</Filter>
    </None>
  </ItemGroup>
</Project>